PODS:
  - CropVideo (1.0.3):
    - MiTuKit
    - MituMedia
  - MiTuKit (1.0.0)
  - MituMedia (0.0.3):
    - MiTuKit

DEPENDENCIES:
  - CropVideo (from `../`)

SPEC REPOS:
  trunk:
    - MiTuKit
    - MituMedia

EXTERNAL SOURCES:
  CropVideo:
    :path: "../"

SPEC CHECKSUMS:
  CropVideo: a8a78ac592ff3b1a686a4555e568113d44cd7a14
  MiTuKit: 4616930df568385534245eb22d550c94c6fcd4ab
  MituMedia: ab0b9b5dfd64f7dfa7162f566c58603a5bfe6eda

PODFILE CHECKSUM: 3f3bbb140830bc0ada4e3a5b54b214d2c588c4bc

COCOAPODS: 1.16.2
