// !$*UTF8*$!
{
	archiveVersion = 1;
	classes = {
	};
	objectVersion = 77;
	objects = {

/* Begin PBXBuildFile section */
		6F70934AAD1627F0B23529EF /* Pods_CropVideo.framework in Frameworks */ = {isa = PBXBuildFile; fileRef = F272B373C6B7D86F37FD83D4 /* Pods_CropVideo.framework */; };
		8448A4BC2D87296200E188DC /* AppDelegate.swift in Sources */ = {isa = PBXBuildFile; fileRef = 8448A4B22D87296200E188DC /* AppDelegate.swift */; };
		8448A4BD2D87296200E188DC /* SceneDelegate.swift in Sources */ = {isa = PBXBuildFile; fileRef = 8448A4B92D87296200E188DC /* SceneDelegate.swift */; };
		8448A4BE2D87296200E188DC /* ViewController.swift in Sources */ = {isa = PBXBuildFile; fileRef = 8448A4BA2D87296200E188DC /* ViewController.swift */; };
		8448A4BF2D87296200E188DC /* Assets.xcassets in Resources */ = {isa = PBXBuildFile; fileRef = 8448A4B32D87296200E188DC /* Assets.xcassets */; };
		8448A4C12D87296200E188DC /* LaunchScreen.storyboard in Resources */ = {isa = PBXBuildFile; fileRef = 8448A4B62D87296200E188DC /* LaunchScreen.storyboard */; };
		8448A5092D87FCEB00E188DC /* Extensions.swift in Sources */ = {isa = PBXBuildFile; fileRef = 8448A5032D87FCEB00E188DC /* Extensions.swift */; };
		8448A50A2D87FCEB00E188DC /* FileHelper.swift in Sources */ = {isa = PBXBuildFile; fileRef = 8448A5042D87FCEB00E188DC /* FileHelper.swift */; };
		8448A50B2D87FCEB00E188DC /* TrimmerView.swift in Sources */ = {isa = PBXBuildFile; fileRef = 8448A5002D87FCEB00E188DC /* TrimmerView.swift */; };
		8448A50C2D87FCEB00E188DC /* CropVideoDelegate.swift in Sources */ = {isa = PBXBuildFile; fileRef = 8448A5072D87FCEB00E188DC /* CropVideoDelegate.swift */; };
		8448A50D2D87FCEB00E188DC /* HandlerView.swift in Sources */ = {isa = PBXBuildFile; fileRef = 8448A4FF2D87FCEB00E188DC /* HandlerView.swift */; };
		8448A50E2D87FCEB00E188DC /* AssetVideoScrollView.swift in Sources */ = {isa = PBXBuildFile; fileRef = 8448A4FD2D87FCEB00E188DC /* AssetVideoScrollView.swift */; };
		8448A50F2D87FCEB00E188DC /* AVAssetTimeSelector.swift in Sources */ = {isa = PBXBuildFile; fileRef = 8448A4FE2D87FCEB00E188DC /* AVAssetTimeSelector.swift */; };
		8448A5102D87FCEB00E188DC /* Constants.swift in Sources */ = {isa = PBXBuildFile; fileRef = 8448A5022D87FCEB00E188DC /* Constants.swift */; };
		8448A5112D87FCEB00E188DC /* CropVideoViewController.swift in Sources */ = {isa = PBXBuildFile; fileRef = 8448A5062D87FCEB00E188DC /* CropVideoViewController.swift */; };
		8448A5122D87FCEB00E188DC /* PanDirectionType.swift in Sources */ = {isa = PBXBuildFile; fileRef = 8448A5052D87FCEB00E188DC /* PanDirectionType.swift */; };
		8448A5192D8804A900E188DC /* SampleVideo.mp4 in Resources */ = {isa = PBXBuildFile; fileRef = 8448A5142D8804A900E188DC /* SampleVideo.mp4 */; };
/* End PBXBuildFile section */

/* Begin PBXFileReference section */
		8448A49A2D87294700E188DC /* CropVideo.app */ = {isa = PBXFileReference; explicitFileType = wrapper.application; includeInIndex = 0; path = CropVideo.app; sourceTree = BUILT_PRODUCTS_DIR; };
		8448A4B22D87296200E188DC /* AppDelegate.swift */ = {isa = PBXFileReference; lastKnownFileType = sourcecode.swift; path = AppDelegate.swift; sourceTree = "<group>"; };
		8448A4B32D87296200E188DC /* Assets.xcassets */ = {isa = PBXFileReference; lastKnownFileType = folder.assetcatalog; path = Assets.xcassets; sourceTree = "<group>"; };
		8448A4B42D87296200E188DC /* Info.plist */ = {isa = PBXFileReference; lastKnownFileType = text.plist.xml; path = Info.plist; sourceTree = "<group>"; };
		8448A4B52D87296200E188DC /* Base */ = {isa = PBXFileReference; lastKnownFileType = file.storyboard; name = Base; path = Base.lproj/LaunchScreen.storyboard; sourceTree = "<group>"; };
		8448A4B92D87296200E188DC /* SceneDelegate.swift */ = {isa = PBXFileReference; lastKnownFileType = sourcecode.swift; path = SceneDelegate.swift; sourceTree = "<group>"; };
		8448A4BA2D87296200E188DC /* ViewController.swift */ = {isa = PBXFileReference; lastKnownFileType = sourcecode.swift; path = ViewController.swift; sourceTree = "<group>"; };
		8448A4FD2D87FCEB00E188DC /* AssetVideoScrollView.swift */ = {isa = PBXFileReference; lastKnownFileType = sourcecode.swift; path = AssetVideoScrollView.swift; sourceTree = "<group>"; };
		8448A4FE2D87FCEB00E188DC /* AVAssetTimeSelector.swift */ = {isa = PBXFileReference; lastKnownFileType = sourcecode.swift; path = AVAssetTimeSelector.swift; sourceTree = "<group>"; };
		8448A4FF2D87FCEB00E188DC /* HandlerView.swift */ = {isa = PBXFileReference; lastKnownFileType = sourcecode.swift; path = HandlerView.swift; sourceTree = "<group>"; };
		8448A5002D87FCEB00E188DC /* TrimmerView.swift */ = {isa = PBXFileReference; lastKnownFileType = sourcecode.swift; path = TrimmerView.swift; sourceTree = "<group>"; };
		8448A5022D87FCEB00E188DC /* Constants.swift */ = {isa = PBXFileReference; lastKnownFileType = sourcecode.swift; path = Constants.swift; sourceTree = "<group>"; };
		8448A5032D87FCEB00E188DC /* Extensions.swift */ = {isa = PBXFileReference; lastKnownFileType = sourcecode.swift; path = Extensions.swift; sourceTree = "<group>"; };
		8448A5042D87FCEB00E188DC /* FileHelper.swift */ = {isa = PBXFileReference; lastKnownFileType = sourcecode.swift; path = FileHelper.swift; sourceTree = "<group>"; };
		8448A5052D87FCEB00E188DC /* PanDirectionType.swift */ = {isa = PBXFileReference; lastKnownFileType = sourcecode.swift; path = PanDirectionType.swift; sourceTree = "<group>"; };
		8448A5062D87FCEB00E188DC /* CropVideoViewController.swift */ = {isa = PBXFileReference; lastKnownFileType = sourcecode.swift; path = CropVideoViewController.swift; sourceTree = "<group>"; };
		8448A5072D87FCEB00E188DC /* CropVideoDelegate.swift */ = {isa = PBXFileReference; lastKnownFileType = sourcecode.swift; path = CropVideoDelegate.swift; sourceTree = "<group>"; };
		8448A5142D8804A900E188DC /* SampleVideo.mp4 */ = {isa = PBXFileReference; lastKnownFileType = file; path = SampleVideo.mp4; sourceTree = "<group>"; };
		C29D17A7EFD26347F9485B4E /* Pods-CropVideo.release.xcconfig */ = {isa = PBXFileReference; includeInIndex = 1; lastKnownFileType = text.xcconfig; name = "Pods-CropVideo.release.xcconfig"; path = "Target Support Files/Pods-CropVideo/Pods-CropVideo.release.xcconfig"; sourceTree = "<group>"; };
		C2A8753615961B0FF9F879D9 /* Pods-CropVideo.debug.xcconfig */ = {isa = PBXFileReference; includeInIndex = 1; lastKnownFileType = text.xcconfig; name = "Pods-CropVideo.debug.xcconfig"; path = "Target Support Files/Pods-CropVideo/Pods-CropVideo.debug.xcconfig"; sourceTree = "<group>"; };
		F272B373C6B7D86F37FD83D4 /* Pods_CropVideo.framework */ = {isa = PBXFileReference; explicitFileType = wrapper.framework; includeInIndex = 0; path = Pods_CropVideo.framework; sourceTree = BUILT_PRODUCTS_DIR; };
/* End PBXFileReference section */

/* Begin PBXFrameworksBuildPhase section */
		8448A4972D87294700E188DC /* Frameworks */ = {
			isa = PBXFrameworksBuildPhase;
			buildActionMask = 2147483647;
			files = (
				6F70934AAD1627F0B23529EF /* Pods_CropVideo.framework in Frameworks */,
			);
			runOnlyForDeploymentPostprocessing = 0;
		};
/* End PBXFrameworksBuildPhase section */

/* Begin PBXGroup section */
		49F3E0AF1F0D1C00464C10E3 /* Frameworks */ = {
			isa = PBXGroup;
			children = (
				F272B373C6B7D86F37FD83D4 /* Pods_CropVideo.framework */,
			);
			name = Frameworks;
			sourceTree = "<group>";
		};
		5834FFB55BBBED7A392EBECE /* Pods */ = {
			isa = PBXGroup;
			children = (
				C2A8753615961B0FF9F879D9 /* Pods-CropVideo.debug.xcconfig */,
				C29D17A7EFD26347F9485B4E /* Pods-CropVideo.release.xcconfig */,
			);
			path = Pods;
			sourceTree = "<group>";
		};
		8448A4912D87294700E188DC = {
			isa = PBXGroup;
			children = (
				8448A4BB2D87296200E188DC /* CropVideo */,
				8448A49B2D87294700E188DC /* Products */,
				5834FFB55BBBED7A392EBECE /* Pods */,
				49F3E0AF1F0D1C00464C10E3 /* Frameworks */,
			);
			sourceTree = "<group>";
		};
		8448A49B2D87294700E188DC /* Products */ = {
			isa = PBXGroup;
			children = (
				8448A49A2D87294700E188DC /* CropVideo.app */,
			);
			name = Products;
			sourceTree = "<group>";
		};
		8448A4BB2D87296200E188DC /* CropVideo */ = {
			isa = PBXGroup;
			children = (
				8448A4B22D87296200E188DC /* AppDelegate.swift */,
				8448A4B32D87296200E188DC /* Assets.xcassets */,
				8448A4B42D87296200E188DC /* Info.plist */,
				8448A4B62D87296200E188DC /* LaunchScreen.storyboard */,
				8448A4B92D87296200E188DC /* SceneDelegate.swift */,
				8448A4BA2D87296200E188DC /* ViewController.swift */,
				8448A5162D8804A900E188DC /* Resources */,
				8448A5082D87FCEB00E188DC /* Sources */,
			);
			path = CropVideo;
			sourceTree = "<group>";
		};
		8448A5012D87FCEB00E188DC /* TrimmerView */ = {
			isa = PBXGroup;
			children = (
				8448A4FD2D87FCEB00E188DC /* AssetVideoScrollView.swift */,
				8448A4FE2D87FCEB00E188DC /* AVAssetTimeSelector.swift */,
				8448A4FF2D87FCEB00E188DC /* HandlerView.swift */,
				8448A5002D87FCEB00E188DC /* TrimmerView.swift */,
			);
			path = TrimmerView;
			sourceTree = "<group>";
		};
		8448A5082D87FCEB00E188DC /* Sources */ = {
			isa = PBXGroup;
			children = (
				8448A5012D87FCEB00E188DC /* TrimmerView */,
				8448A5022D87FCEB00E188DC /* Constants.swift */,
				8448A5032D87FCEB00E188DC /* Extensions.swift */,
				8448A5042D87FCEB00E188DC /* FileHelper.swift */,
				8448A5052D87FCEB00E188DC /* PanDirectionType.swift */,
				8448A5062D87FCEB00E188DC /* CropVideoViewController.swift */,
				8448A5072D87FCEB00E188DC /* CropVideoDelegate.swift */,
			);
			name = Sources;
			path = ../Sources;
			sourceTree = SOURCE_ROOT;
		};
		8448A5162D8804A900E188DC /* Resources */ = {
			isa = PBXGroup;
			children = (
				8448A5142D8804A900E188DC /* SampleVideo.mp4 */,
			);
			name = Resources;
			path = ../Resources;
			sourceTree = SOURCE_ROOT;
		};
/* End PBXGroup section */

/* Begin PBXNativeTarget section */
		8448A4992D87294700E188DC /* CropVideo */ = {
			isa = PBXNativeTarget;
			buildConfigurationList = 8448A4AD2D87294800E188DC /* Build configuration list for PBXNativeTarget "CropVideo" */;
			buildPhases = (
				EBC41A1C25C629DB60716F35 /* [CP] Check Pods Manifest.lock */,
				8448A4962D87294700E188DC /* Sources */,
				8448A4972D87294700E188DC /* Frameworks */,
				8448A4982D87294700E188DC /* Resources */,
				337870552F495FE81AF0501F /* [CP] Embed Pods Frameworks */,
			);
			buildRules = (
			);
			dependencies = (
			);
			name = CropVideo;
			productName = CropVideo;
			productReference = 8448A49A2D87294700E188DC /* CropVideo.app */;
			productType = "com.apple.product-type.application";
		};
/* End PBXNativeTarget section */

/* Begin PBXProject section */
		8448A4922D87294700E188DC /* Project object */ = {
			isa = PBXProject;
			attributes = {
				BuildIndependentTargetsInParallel = 1;
				LastSwiftUpdateCheck = 1620;
				LastUpgradeCheck = 1620;
				TargetAttributes = {
					8448A4992D87294700E188DC = {
						CreatedOnToolsVersion = 16.2;
					};
				};
			};
			buildConfigurationList = 8448A4952D87294700E188DC /* Build configuration list for PBXProject "CropVideo" */;
			developmentRegion = en;
			hasScannedForEncodings = 0;
			knownRegions = (
				en,
				Base,
			);
			mainGroup = 8448A4912D87294700E188DC;
			minimizedProjectReferenceProxies = 1;
			preferredProjectObjectVersion = 77;
			productRefGroup = 8448A49B2D87294700E188DC /* Products */;
			projectDirPath = "";
			projectRoot = "";
			targets = (
				8448A4992D87294700E188DC /* CropVideo */,
			);
		};
/* End PBXProject section */

/* Begin PBXResourcesBuildPhase section */
		8448A4982D87294700E188DC /* Resources */ = {
			isa = PBXResourcesBuildPhase;
			buildActionMask = 2147483647;
			files = (
				8448A4BF2D87296200E188DC /* Assets.xcassets in Resources */,
				8448A4C12D87296200E188DC /* LaunchScreen.storyboard in Resources */,
				8448A5192D8804A900E188DC /* SampleVideo.mp4 in Resources */,
			);
			runOnlyForDeploymentPostprocessing = 0;
		};
/* End PBXResourcesBuildPhase section */

/* Begin PBXShellScriptBuildPhase section */
		337870552F495FE81AF0501F /* [CP] Embed Pods Frameworks */ = {
			isa = PBXShellScriptBuildPhase;
			buildActionMask = 2147483647;
			files = (
			);
			inputFileListPaths = (
				"${PODS_ROOT}/Target Support Files/Pods-CropVideo/Pods-CropVideo-frameworks-${CONFIGURATION}-input-files.xcfilelist",
			);
			name = "[CP] Embed Pods Frameworks";
			outputFileListPaths = (
				"${PODS_ROOT}/Target Support Files/Pods-CropVideo/Pods-CropVideo-frameworks-${CONFIGURATION}-output-files.xcfilelist",
			);
			runOnlyForDeploymentPostprocessing = 0;
			shellPath = /bin/sh;
			shellScript = "\"${PODS_ROOT}/Target Support Files/Pods-CropVideo/Pods-CropVideo-frameworks.sh\"\n";
			showEnvVarsInLog = 0;
		};
		EBC41A1C25C629DB60716F35 /* [CP] Check Pods Manifest.lock */ = {
			isa = PBXShellScriptBuildPhase;
			buildActionMask = 2147483647;
			files = (
			);
			inputFileListPaths = (
			);
			inputPaths = (
				"${PODS_PODFILE_DIR_PATH}/Podfile.lock",
				"${PODS_ROOT}/Manifest.lock",
			);
			name = "[CP] Check Pods Manifest.lock";
			outputFileListPaths = (
			);
			outputPaths = (
				"$(DERIVED_FILE_DIR)/Pods-CropVideo-checkManifestLockResult.txt",
			);
			runOnlyForDeploymentPostprocessing = 0;
			shellPath = /bin/sh;
			shellScript = "diff \"${PODS_PODFILE_DIR_PATH}/Podfile.lock\" \"${PODS_ROOT}/Manifest.lock\" > /dev/null\nif [ $? != 0 ] ; then\n    # print error to STDERR\n    echo \"error: The sandbox is not in sync with the Podfile.lock. Run 'pod install' or update your CocoaPods installation.\" >&2\n    exit 1\nfi\n# This output is used by Xcode 'outputs' to avoid re-running this script phase.\necho \"SUCCESS\" > \"${SCRIPT_OUTPUT_FILE_0}\"\n";
			showEnvVarsInLog = 0;
		};
/* End PBXShellScriptBuildPhase section */

/* Begin PBXSourcesBuildPhase section */
		8448A4962D87294700E188DC /* Sources */ = {
			isa = PBXSourcesBuildPhase;
			buildActionMask = 2147483647;
			files = (
				8448A4BC2D87296200E188DC /* AppDelegate.swift in Sources */,
				8448A4BD2D87296200E188DC /* SceneDelegate.swift in Sources */,
				8448A5092D87FCEB00E188DC /* Extensions.swift in Sources */,
				8448A50A2D87FCEB00E188DC /* FileHelper.swift in Sources */,
				8448A50B2D87FCEB00E188DC /* TrimmerView.swift in Sources */,
				8448A50C2D87FCEB00E188DC /* CropVideoDelegate.swift in Sources */,
				8448A50D2D87FCEB00E188DC /* HandlerView.swift in Sources */,
				8448A50E2D87FCEB00E188DC /* AssetVideoScrollView.swift in Sources */,
				8448A50F2D87FCEB00E188DC /* AVAssetTimeSelector.swift in Sources */,
				8448A5102D87FCEB00E188DC /* Constants.swift in Sources */,
				8448A5112D87FCEB00E188DC /* CropVideoViewController.swift in Sources */,
				8448A5122D87FCEB00E188DC /* PanDirectionType.swift in Sources */,
				8448A4BE2D87296200E188DC /* ViewController.swift in Sources */,
			);
			runOnlyForDeploymentPostprocessing = 0;
		};
/* End PBXSourcesBuildPhase section */

/* Begin PBXVariantGroup section */
		8448A4B62D87296200E188DC /* LaunchScreen.storyboard */ = {
			isa = PBXVariantGroup;
			children = (
				8448A4B52D87296200E188DC /* Base */,
			);
			name = LaunchScreen.storyboard;
			sourceTree = "<group>";
		};
/* End PBXVariantGroup section */

/* Begin XCBuildConfiguration section */
		8448A4AE2D87294800E188DC /* Debug */ = {
			isa = XCBuildConfiguration;
			baseConfigurationReference = C2A8753615961B0FF9F879D9 /* Pods-CropVideo.debug.xcconfig */;
			buildSettings = {
				ASSETCATALOG_COMPILER_APPICON_NAME = AppIcon;
				ASSETCATALOG_COMPILER_GLOBAL_ACCENT_COLOR_NAME = AccentColor;
				CODE_SIGN_STYLE = Automatic;
				CURRENT_PROJECT_VERSION = 1;
				DEVELOPMENT_TEAM = N4PUG34AC8;
				ENABLE_USER_SCRIPT_SANDBOXING = NO;
				GENERATE_INFOPLIST_FILE = YES;
				INFOPLIST_FILE = CropVideo/Info.plist;
				INFOPLIST_KEY_UIApplicationSupportsIndirectInputEvents = YES;
				INFOPLIST_KEY_UILaunchStoryboardName = LaunchScreen;
				INFOPLIST_KEY_UISupportedInterfaceOrientations_iPad = "UIInterfaceOrientationPortrait UIInterfaceOrientationPortraitUpsideDown UIInterfaceOrientationLandscapeLeft UIInterfaceOrientationLandscapeRight";
				INFOPLIST_KEY_UISupportedInterfaceOrientations_iPhone = "UIInterfaceOrientationPortrait UIInterfaceOrientationLandscapeLeft UIInterfaceOrientationLandscapeRight";
				LD_RUNPATH_SEARCH_PATHS = (
					"$(inherited)",
					"@executable_path/Frameworks",
				);
				MARKETING_VERSION = 1.0;
				PRODUCT_BUNDLE_IDENTIFIER = com.dt.CropVideo;
				PRODUCT_NAME = "$(TARGET_NAME)";
				SWIFT_EMIT_LOC_STRINGS = YES;
				SWIFT_VERSION = 5.0;
				TARGETED_DEVICE_FAMILY = "1,2";
			};
			name = Debug;
		};
		8448A4AF2D87294800E188DC /* Release */ = {
			isa = XCBuildConfiguration;
			baseConfigurationReference = C29D17A7EFD26347F9485B4E /* Pods-CropVideo.release.xcconfig */;
			buildSettings = {
				ASSETCATALOG_COMPILER_APPICON_NAME = AppIcon;
				ASSETCATALOG_COMPILER_GLOBAL_ACCENT_COLOR_NAME = AccentColor;
				CODE_SIGN_STYLE = Automatic;
				CURRENT_PROJECT_VERSION = 1;
				DEVELOPMENT_TEAM = N4PUG34AC8;
				ENABLE_USER_SCRIPT_SANDBOXING = NO;
				GENERATE_INFOPLIST_FILE = YES;
				INFOPLIST_FILE = CropVideo/Info.plist;
				INFOPLIST_KEY_UIApplicationSupportsIndirectInputEvents = YES;
				INFOPLIST_KEY_UILaunchStoryboardName = LaunchScreen;
				INFOPLIST_KEY_UISupportedInterfaceOrientations_iPad = "UIInterfaceOrientationPortrait UIInterfaceOrientationPortraitUpsideDown UIInterfaceOrientationLandscapeLeft UIInterfaceOrientationLandscapeRight";
				INFOPLIST_KEY_UISupportedInterfaceOrientations_iPhone = "UIInterfaceOrientationPortrait UIInterfaceOrientationLandscapeLeft UIInterfaceOrientationLandscapeRight";
				LD_RUNPATH_SEARCH_PATHS = (
					"$(inherited)",
					"@executable_path/Frameworks",
				);
				MARKETING_VERSION = 1.0;
				PRODUCT_BUNDLE_IDENTIFIER = com.dt.CropVideo;
				PRODUCT_NAME = "$(TARGET_NAME)";
				SWIFT_EMIT_LOC_STRINGS = YES;
				SWIFT_VERSION = 5.0;
				TARGETED_DEVICE_FAMILY = "1,2";
			};
			name = Release;
		};
		8448A4B02D87294800E188DC /* Debug */ = {
			isa = XCBuildConfiguration;
			buildSettings = {
				ALWAYS_SEARCH_USER_PATHS = NO;
				ASSETCATALOG_COMPILER_GENERATE_SWIFT_ASSET_SYMBOL_EXTENSIONS = YES;
				CLANG_ANALYZER_NONNULL = YES;
				CLANG_ANALYZER_NUMBER_OBJECT_CONVERSION = YES_AGGRESSIVE;
				CLANG_CXX_LANGUAGE_STANDARD = "gnu++20";
				CLANG_ENABLE_MODULES = YES;
				CLANG_ENABLE_OBJC_ARC = YES;
				CLANG_ENABLE_OBJC_WEAK = YES;
				CLANG_WARN_BLOCK_CAPTURE_AUTORELEASING = YES;
				CLANG_WARN_BOOL_CONVERSION = YES;
				CLANG_WARN_COMMA = YES;
				CLANG_WARN_CONSTANT_CONVERSION = YES;
				CLANG_WARN_DEPRECATED_OBJC_IMPLEMENTATIONS = YES;
				CLANG_WARN_DIRECT_OBJC_ISA_USAGE = YES_ERROR;
				CLANG_WARN_DOCUMENTATION_COMMENTS = YES;
				CLANG_WARN_EMPTY_BODY = YES;
				CLANG_WARN_ENUM_CONVERSION = YES;
				CLANG_WARN_INFINITE_RECURSION = YES;
				CLANG_WARN_INT_CONVERSION = YES;
				CLANG_WARN_NON_LITERAL_NULL_CONVERSION = YES;
				CLANG_WARN_OBJC_IMPLICIT_RETAIN_SELF = YES;
				CLANG_WARN_OBJC_LITERAL_CONVERSION = YES;
				CLANG_WARN_OBJC_ROOT_CLASS = YES_ERROR;
				CLANG_WARN_QUOTED_INCLUDE_IN_FRAMEWORK_HEADER = YES;
				CLANG_WARN_RANGE_LOOP_ANALYSIS = YES;
				CLANG_WARN_STRICT_PROTOTYPES = YES;
				CLANG_WARN_SUSPICIOUS_MOVE = YES;
				CLANG_WARN_UNGUARDED_AVAILABILITY = YES_AGGRESSIVE;
				CLANG_WARN_UNREACHABLE_CODE = YES;
				CLANG_WARN__DUPLICATE_METHOD_MATCH = YES;
				COPY_PHASE_STRIP = NO;
				DEBUG_INFORMATION_FORMAT = dwarf;
				ENABLE_STRICT_OBJC_MSGSEND = YES;
				ENABLE_TESTABILITY = YES;
				ENABLE_USER_SCRIPT_SANDBOXING = YES;
				GCC_C_LANGUAGE_STANDARD = gnu17;
				GCC_DYNAMIC_NO_PIC = NO;
				GCC_NO_COMMON_BLOCKS = YES;
				GCC_OPTIMIZATION_LEVEL = 0;
				GCC_PREPROCESSOR_DEFINITIONS = (
					"DEBUG=1",
					"$(inherited)",
				);
				GCC_WARN_64_TO_32_BIT_CONVERSION = YES;
				GCC_WARN_ABOUT_RETURN_TYPE = YES_ERROR;
				GCC_WARN_UNDECLARED_SELECTOR = YES;
				GCC_WARN_UNINITIALIZED_AUTOS = YES_AGGRESSIVE;
				GCC_WARN_UNUSED_FUNCTION = YES;
				GCC_WARN_UNUSED_VARIABLE = YES;
				IPHONEOS_DEPLOYMENT_TARGET = 18.2;
				LOCALIZATION_PREFERS_STRING_CATALOGS = YES;
				MTL_ENABLE_DEBUG_INFO = INCLUDE_SOURCE;
				MTL_FAST_MATH = YES;
				ONLY_ACTIVE_ARCH = YES;
				SDKROOT = iphoneos;
				SWIFT_ACTIVE_COMPILATION_CONDITIONS = "DEBUG $(inherited)";
				SWIFT_OPTIMIZATION_LEVEL = "-Onone";
			};
			name = Debug;
		};
		8448A4B12D87294800E188DC /* Release */ = {
			isa = XCBuildConfiguration;
			buildSettings = {
				ALWAYS_SEARCH_USER_PATHS = NO;
				ASSETCATALOG_COMPILER_GENERATE_SWIFT_ASSET_SYMBOL_EXTENSIONS = YES;
				CLANG_ANALYZER_NONNULL = YES;
				CLANG_ANALYZER_NUMBER_OBJECT_CONVERSION = YES_AGGRESSIVE;
				CLANG_CXX_LANGUAGE_STANDARD = "gnu++20";
				CLANG_ENABLE_MODULES = YES;
				CLANG_ENABLE_OBJC_ARC = YES;
				CLANG_ENABLE_OBJC_WEAK = YES;
				CLANG_WARN_BLOCK_CAPTURE_AUTORELEASING = YES;
				CLANG_WARN_BOOL_CONVERSION = YES;
				CLANG_WARN_COMMA = YES;
				CLANG_WARN_CONSTANT_CONVERSION = YES;
				CLANG_WARN_DEPRECATED_OBJC_IMPLEMENTATIONS = YES;
				CLANG_WARN_DIRECT_OBJC_ISA_USAGE = YES_ERROR;
				CLANG_WARN_DOCUMENTATION_COMMENTS = YES;
				CLANG_WARN_EMPTY_BODY = YES;
				CLANG_WARN_ENUM_CONVERSION = YES;
				CLANG_WARN_INFINITE_RECURSION = YES;
				CLANG_WARN_INT_CONVERSION = YES;
				CLANG_WARN_NON_LITERAL_NULL_CONVERSION = YES;
				CLANG_WARN_OBJC_IMPLICIT_RETAIN_SELF = YES;
				CLANG_WARN_OBJC_LITERAL_CONVERSION = YES;
				CLANG_WARN_OBJC_ROOT_CLASS = YES_ERROR;
				CLANG_WARN_QUOTED_INCLUDE_IN_FRAMEWORK_HEADER = YES;
				CLANG_WARN_RANGE_LOOP_ANALYSIS = YES;
				CLANG_WARN_STRICT_PROTOTYPES = YES;
				CLANG_WARN_SUSPICIOUS_MOVE = YES;
				CLANG_WARN_UNGUARDED_AVAILABILITY = YES_AGGRESSIVE;
				CLANG_WARN_UNREACHABLE_CODE = YES;
				CLANG_WARN__DUPLICATE_METHOD_MATCH = YES;
				COPY_PHASE_STRIP = NO;
				DEBUG_INFORMATION_FORMAT = "dwarf-with-dsym";
				ENABLE_NS_ASSERTIONS = NO;
				ENABLE_STRICT_OBJC_MSGSEND = YES;
				ENABLE_USER_SCRIPT_SANDBOXING = YES;
				GCC_C_LANGUAGE_STANDARD = gnu17;
				GCC_NO_COMMON_BLOCKS = YES;
				GCC_WARN_64_TO_32_BIT_CONVERSION = YES;
				GCC_WARN_ABOUT_RETURN_TYPE = YES_ERROR;
				GCC_WARN_UNDECLARED_SELECTOR = YES;
				GCC_WARN_UNINITIALIZED_AUTOS = YES_AGGRESSIVE;
				GCC_WARN_UNUSED_FUNCTION = YES;
				GCC_WARN_UNUSED_VARIABLE = YES;
				IPHONEOS_DEPLOYMENT_TARGET = 18.2;
				LOCALIZATION_PREFERS_STRING_CATALOGS = YES;
				MTL_ENABLE_DEBUG_INFO = NO;
				MTL_FAST_MATH = YES;
				SDKROOT = iphoneos;
				SWIFT_COMPILATION_MODE = wholemodule;
				VALIDATE_PRODUCT = YES;
			};
			name = Release;
		};
/* End XCBuildConfiguration section */

/* Begin XCConfigurationList section */
		8448A4952D87294700E188DC /* Build configuration list for PBXProject "CropVideo" */ = {
			isa = XCConfigurationList;
			buildConfigurations = (
				8448A4B02D87294800E188DC /* Debug */,
				8448A4B12D87294800E188DC /* Release */,
			);
			defaultConfigurationIsVisible = 0;
			defaultConfigurationName = Release;
		};
		8448A4AD2D87294800E188DC /* Build configuration list for PBXNativeTarget "CropVideo" */ = {
			isa = XCConfigurationList;
			buildConfigurations = (
				8448A4AE2D87294800E188DC /* Debug */,
				8448A4AF2D87294800E188DC /* Release */,
			);
			defaultConfigurationIsVisible = 0;
			defaultConfigurationName = Release;
		};
/* End XCConfigurationList section */
	};
	rootObject = 8448A4922D87294700E188DC /* Project object */;
}
